
Microsoft Visual Studio Solution File, Format Version 12.00
# Visual Studio 14
VisualStudioVersion = 14.0.24720.0
MinimumVisualStudioVersion = 10.0.40219.1
Project("{FAE04EC0-301F-11D3-BF4B-00C04F79EFBC}") = "Mooshak2.0", "Mooshak2.0\Mooshak2.0.csproj", "{26BCB97B-776C-4D71-8D69-293C4102A66A}"
EndProject
Project("{FAE04EC0-301F-11D3-BF4B-00C04F79EFBC}") = "Mooshak2.0.test", "Mooshak2.0.test\Mooshak2.0.test.csproj", "{EA1B565C-C812-4A8F-8B4D-A2DAAF91B7F0}"
EndProject
Global
	GlobalSection(SolutionConfigurationPlatforms) = preSolution
		Debug|Any CPU = Debug|Any CPU
		Release|Any CPU = Release|Any CPU
	EndGlobalSection
	GlobalSection(ProjectConfigurationPlatforms) = postSolution
		{26BCB97B-776C-4D71-8D69-293C4102A66A}.Debug|Any CPU.ActiveCfg = Debug|Any CPU
		{26BCB97B-776C-4D71-8D69-293C4102A66A}.Debug|Any CPU.Build.0 = Debug|Any CPU
		{26BCB97B-776C-4D71-8D69-293C4102A66A}.Release|Any CPU.ActiveCfg = Release|Any CPU
		{26BCB97B-776C-4D71-8D69-293C4102A66A}.Release|Any CPU.Build.0 = Release|Any CPU
		{EA1B565C-C812-4A8F-8B4D-A2DAAF91B7F0}.Debug|Any CPU.ActiveCfg = Debug|Any CPU
		{EA1B565C-C812-4A8F-8B4D-A2DAAF91B7F0}.Debug|Any CPU.Build.0 = Debug|Any CPU
		{EA1B565C-C812-4A8F-8B4D-A2DAAF91B7F0}.Release|Any CPU.ActiveCfg = Release|Any CPU
		{EA1B565C-C812-4A8F-8B4D-A2DAAF91B7F0}.Release|Any CPU.Build.0 = Release|Any CPU
	EndGlobalSection
	GlobalSection(SolutionProperties) = preSolution
		HideSolutionNode = FALSE
	EndGlobalSection
EndGlobal
